{
  "name": "graphics",
  "version": "1.0.0",
  "lockfileVersion": 1,
  "requires": true,
  "dependencies": {
    "@types/node": {
      "version": "9.6.31",
      "resolved": "https://registry.npmjs.org/@types/node/-/node-9.6.31.tgz",
      "integrity": "sha512-kIVlvUBizL51ALNMPbmcZoM7quHyB7J6fLRwQe22JsMp39nrVSHdBeVVS3fnQCK1orxI3O8LScmb8cuiihkAfA==",
      "dev": true
    },
    "gputext": {
      "version": "git+https://github.com/VALIS-software/GPUText.git#6ef522ff1cc940a3654b5cfccaccee76762bc110",
      "from": "git+https://github.com/VALIS-software/GPUText.git"
    }
  }
}
